# Generated by pub
# See https://dart.dev/tools/pub/glossary#lockfile
packages:
  _fe_analyzer_shared:
    dependency: transitive
    description:
      name: _fe_analyzer_shared
      sha256: "3b19a47f6ea7c2632760777c78174f47f6aec1e05f0cd611380d4593b8af1dbc"
      url: "https://pub.dev"
    source: hosted
    version: "96.0.0"
  analysis_defaults:
    dependency: "direct dev"
    description:
      path: "pkgs/analysis_defaults"
      ref: "3408a746891e80b12882ea1aca647f9a410ba851"
      resolved-ref: "3408a746891e80b12882ea1aca647f9a410ba851"
      url: "https://github.com/dart-lang/site-shared"
    source: git
    version: "0.0.0"
  analyzer:
    dependency: transitive
    description:
      name: analyzer
      sha256: "0c516bc4ad36a1a75759e54d5047cb9d15cded4459df01aa35a0b5ec7db2c2a0"
      url: "https://pub.dev"
    source: hosted
    version: "10.2.0"
  ansicolor:
    dependency: transitive
    description:
      name: ansicolor
      sha256: "50e982d500bc863e1d703448afdbf9e5a72eb48840a4f766fa361ffd6877055f"
      url: "https://pub.dev"
    source: hosted
    version: "2.0.3"
  archive:
    dependency: transitive
    description:
      name: archive
      sha256: a96e8b390886ee8abb49b7bd3ac8df6f451c621619f52a26e815fdcf568959ff
      url: "https://pub.dev"
    source: hosted
    version: "4.0.9"
  args:
    dependency: transitive
    description:
      name: args
      sha256: d0481093c50b1da8910eb0bb301626d4d8eb7284aa739614d2b394ee09e3ea04
      url: "https://pub.dev"
    source: hosted
    version: "2.7.0"
  async:
    dependency: transitive
    description:
      name: async
      sha256: e2eb0491ba5ddb6177742d2da23904574082139b07c1e33b8503b9f46f3e1a37
      url: "https://pub.dev"
    source: hosted
    version: "2.13.1"
  bazel_worker:
    dependency: transitive
    description:
      name: bazel_worker
      sha256: "87cae9150fcf9942b8057e5f51c4848a3efde1289e97411e1c8f01e350120999"
      url: "https://pub.dev"
    source: hosted
    version: "1.1.5"
  boolean_selector:
    dependency: transitive
    description:
      name: boolean_selector
      sha256: "8aab1771e1243a5063b8b0ff68042d67334e3feab9e95b9490f9a6ebf73b42ea"
      url: "https://pub.dev"
    source: hosted
    version: "2.1.2"
  build:
    dependency: "direct main"
    description:
      name: build
      sha256: aadd943f4f8cc946882c954c187e6115a84c98c81ad1d9c6cbf0895a8c85da9c
      url: "https://pub.dev"
    source: hosted
    version: "4.0.5"
  build_config:
    dependency: transitive
    description:
      name: build_config
      sha256: "4070d2a59f8eec34c97c86ceb44403834899075f66e8a9d59706f8e7834f6f71"
      url: "https://pub.dev"
    source: hosted
    version: "1.3.0"
  build_daemon:
    dependency: transitive
    description:
      name: build_daemon
      sha256: bf05f6e12cfea92d3c09308d7bcdab1906cd8a179b023269eed00c071004b957
      url: "https://pub.dev"
    source: hosted
    version: "4.1.1"
  build_modules:
    dependency: transitive
    description:
      name: build_modules
      sha256: "51422a5753a74fda433d4345b11ce6ad40c2033880a26b2c6b7a8fa7e10e8f2f"
      url: "https://pub.dev"
    source: hosted
    version: "5.1.11"
  build_runner:
    dependency: "direct dev"
    description:
      name: build_runner
      sha256: "521daf8d189deb79ba474e43a696b41c49fb3987818dbacf3308f1e03673a75e"
      url: "https://pub.dev"
    source: hosted
    version: "2.13.1"
  build_web_compilers:
    dependency: "direct dev"
    description:
      name: build_web_compilers
      sha256: "29d33d8b90996488f605957c59044e6f96a17dad452f38dc4dee54d88c57f769"
      url: "https://pub.dev"
    source: hosted
    version: "4.4.17"
  built_collection:
    dependency: transitive
    description:
      name: built_collection
      sha256: "376e3dd27b51ea877c28d525560790aee2e6fbb5f20e2f85d5081027d94e2100"
      url: "https://pub.dev"
    source: hosted
    version: "5.1.1"
  built_value:
    dependency: transitive
    description:
      name: built_value
      sha256: "0730c18c770d05636a8f945c32a4d7d81cb6e0f0148c8db4ad12e7748f7e49af"
      url: "https://pub.dev"
    source: hosted
    version: "8.12.5"
  characters:
    dependency: transitive
    description:
      name: characters
      sha256: faf38497bda5ead2a8c7615f4f7939df04333478bf32e4173fcb06d428b5716b
      url: "https://pub.dev"
    source: hosted
    version: "1.4.1"
  charcode:
    dependency: transitive
    description:
      name: charcode
      sha256: fb0f1107cac15a5ea6ef0a6ef71a807b9e4267c713bb93e00e92d737cc8dbd8a
      url: "https://pub.dev"
    source: hosted
    version: "1.4.0"
  checked_yaml:
    dependency: transitive
    description:
      name: checked_yaml
      sha256: "959525d3162f249993882720d52b7e0c833978df229be20702b33d48d91de70f"
      url: "https://pub.dev"
    source: hosted
    version: "2.0.4"
  cli_config:
    dependency: transitive
    description:
      name: cli_config
      sha256: ac20a183a07002b700f0c25e61b7ee46b23c309d76ab7b7640a028f18e4d99ec
      url: "https://pub.dev"
    source: hosted
    version: "0.2.0"
  cli_pkg:
    dependency: transitive
    description:
      name: cli_pkg
      sha256: "8343ec3b11f163ab105687d6bad5432ef49b95d15137ec44a28c8cef918b5150"
      url: "https://pub.dev"
    source: hosted
    version: "2.15.1"
  cli_repl:
    dependency: transitive
    description:
      name: cli_repl
      sha256: a2ee06d98f211cb960c777519cb3d14e882acd90fe5e078668e3ab4baab0ddd4
      url: "https://pub.dev"
    source: hosted
    version: "0.2.3"
  cli_util:
    dependency: transitive
    description:
      name: cli_util
      sha256: ff6785f7e9e3c38ac98b2fb035701789de90154024a75b6cb926445e83197d1c
      url: "https://pub.dev"
    source: hosted
    version: "0.4.2"
  clock:
    dependency: transitive
    description:
      name: clock
      sha256: fddb70d9b5277016c77a80201021d40a2247104d9f4aa7bab7157b7e3f05b84b
      url: "https://pub.dev"
    source: hosted
    version: "1.1.2"
  code_builder:
    dependency: "direct dev"
    description:
      name: code_builder
      sha256: "6a6cab2ba4680d6423f34a9b972a4c9a94ebe1b62ecec4e1a1f2cba91fd1319d"
      url: "https://pub.dev"
    source: hosted
    version: "4.11.1"
  collection:
    dependency: "direct main"
    description:
      name: collection
      sha256: "2f5709ae4d3d59dd8f7cd309b4e023046b57d8a6c82130785d2b0e5868084e76"
      url: "https://pub.dev"
    source: hosted
    version: "1.19.1"
  convert:
    dependency: transitive
    description:
      name: convert
      sha256: b30acd5944035672bc15c6b7a8b47d773e41e2f17de064350988c5d02adb1c68
      url: "https://pub.dev"
    source: hosted
    version: "3.1.2"
  coverage:
    dependency: transitive
    description:
      name: coverage
      sha256: "5da775aa218eaf2151c721b16c01c7676fbfdd99cebba2bf64e8b807a28ff94d"
      url: "https://pub.dev"
    source: hosted
    version: "1.15.0"
  crypto:
    dependency: "direct main"
    description:
      name: crypto
      sha256: c8ea0233063ba03258fbcf2ca4d6dadfefe14f02fab57702265467a19f27fadf
      url: "https://pub.dev"
    source: hosted
    version: "3.0.7"
  csslib:
    dependency: transitive
    description:
      name: csslib
      sha256: "09bad715f418841f976c77db72d5398dc1253c21fb9c0c7f0b0b985860b2d58e"
      url: "https://pub.dev"
    source: hosted
    version: "1.0.2"
  dart_flutter_team_lints:
    dependency: transitive
    description:
      name: dart_flutter_team_lints
      sha256: ce0f23e2cf95cbd21766d17a7cf88584758b67fd77338d61f2ce77e3cf6d763c
      url: "https://pub.dev"
    source: hosted
    version: "3.5.2"
  dart_mappable:
    dependency: "direct main"
    description:
      name: dart_mappable
      sha256: "960746478faaa68ed6b9d3c6fd03c87c7b8614e6c33e75fe1b0c6d7a60adcf29"
      url: "https://pub.dev"
    source: hosted
    version: "4.8.0"
  dart_mappable_builder:
    dependency: "direct dev"
    description:
      name: dart_mappable_builder
      sha256: eb89efebad96bae52333ae4bd6b8fdcfb44c921f8a38f44893f2c72ed15c860c
      url: "https://pub.dev"
    source: hosted
    version: "4.8.0"
  dart_style:
    dependency: "direct dev"
    description:
      name: dart_style
      sha256: "29f7ecc274a86d32920b1d9cfc7502fa87220da41ec60b55f329559d5732e2b2"
      url: "https://pub.dev"
    source: hosted
    version: "3.1.7"
  fbh_front_matter:
    dependency: transitive
    description:
      name: fbh_front_matter
      sha256: "18b2f355326ff2b7ebd64eb1d969c091895ffa755ab55ede5de68f59cf115024"
      url: "https://pub.dev"
    source: hosted
    version: "0.0.1"
  ffi:
    dependency: transitive
    description:
      name: ffi
      sha256: "6d7fd89431262d8f3125e81b50d3847a091d846eafcd4fdb88dd06f36d705a45"
      url: "https://pub.dev"
    source: hosted
    version: "2.2.0"
  file:
    dependency: transitive
    description:
      name: file
      sha256: a3b4f84adafef897088c160faf7dfffb7696046cb13ae90b508c2cbc95d3b8d4
      url: "https://pub.dev"
    source: hosted
    version: "7.0.1"
  fixnum:
    dependency: transitive
    description:
      name: fixnum
      sha256: b6dc7065e46c974bc7c5f143080a6764ec7a4be6da1285ececdc37be96de53be
      url: "https://pub.dev"
    source: hosted
    version: "1.1.1"
  frontend_server_client:
    dependency: transitive
    description:
      name: frontend_server_client
      sha256: f64a0333a82f30b0cca061bc3d143813a486dc086b574bfb233b7c1372427694
      url: "https://pub.dev"
    source: hosted
    version: "4.0.0"
  gato:
    dependency: transitive
    description:
      name: gato
      sha256: "03fa3a33d50f71a912e30827ddf47c89e06e9acfd2b6b178aff0e1aa2f1e8b90"
      url: "https://pub.dev"
    source: hosted
    version: "0.0.5+1"
  glob:
    dependency: "direct main"
    description:
      name: glob
      sha256: c3f1ee72c96f8f78935e18aa8cecced9ab132419e8625dc187e1c2408efc20de
      url: "https://pub.dev"
    source: hosted
    version: "2.1.3"
  graphs:
    dependency: transitive
    description:
      name: graphs
      sha256: "741bbf84165310a68ff28fe9e727332eef1407342fca52759cb21ad8177bb8d0"
      url: "https://pub.dev"
    source: hosted
    version: "2.3.2"
  grinder:
    dependency: transitive
    description:
      name: grinder
      sha256: e1996e485d2b56bb164a8585679758d488fbf567273f51c432c8733fee1f6188
      url: "https://pub.dev"
    source: hosted
    version: "0.9.5"
  hotreloader:
    dependency: transitive
    description:
      name: hotreloader
      sha256: "66871df468fc24eee81f1a0a7cb98acc104716f9b7376d355437b48d633c4ebf"
      url: "https://pub.dev"
    source: hosted
    version: "4.4.0"
  html:
    dependency: transitive
    description:
      name: html
      sha256: "6d1264f2dffa1b1101c25a91dff0dc2daee4c18e87cd8538729773c073dbf602"
      url: "https://pub.dev"
    source: hosted
    version: "0.15.6"
  html_unescape:
    dependency: transitive
    description:
      name: html_unescape
      sha256: "15362d7a18f19d7b742ef8dcb811f5fd2a2df98db9f80ea393c075189e0b61e3"
      url: "https://pub.dev"
    source: hosted
    version: "2.0.0"
  http:
    dependency: "direct main"
    description:
      name: http
      sha256: "87721a4a50b19c7f1d49001e51409bddc46303966ce89a65af4f4e6004896412"
      url: "https://pub.dev"
    source: hosted
    version: "1.6.0"
  http_multi_server:
    dependency: transitive
    description:
      name: http_multi_server
      sha256: aa6199f908078bb1c5efb8d8638d4ae191aac11b311132c3ef48ce352fb52ef8
      url: "https://pub.dev"
    source: hosted
    version: "3.2.2"
  http_parser:
    dependency: transitive
    description:
      name: http_parser
      sha256: "178d74305e7866013777bab2c3d8726205dc5a4dd935297175b19a23a2e66571"
      url: "https://pub.dev"
    source: hosted
    version: "4.1.2"
  image:
    dependency: "direct main"
    description:
      name: image
      sha256: f9881ff4998044947ec38d098bc7c8316ae1186fa786eddffdb867b9bc94dfce
      url: "https://pub.dev"
    source: hosted
    version: "4.8.0"
  intl:
    dependency: "direct main"
    description:
      name: intl
      sha256: "3df61194eb431efc39c4ceba583b95633a403f46c9fd341e550ce0bfa50e9aa5"
      url: "https://pub.dev"
    source: hosted
    version: "0.20.2"
  io:
    dependency: transitive
    description:
      name: io
      sha256: dfd5a80599cf0165756e3181807ed3e77daf6dd4137caaad72d0b7931597650b
      url: "https://pub.dev"
    source: hosted
    version: "1.0.5"
  jaspr:
    dependency: "direct main"
    description:
      name: jaspr
      sha256: "3fc388e9c114b5febe8f4678c34332f27c652882e4ec06c293c0350075af8e76"
      url: "https://pub.dev"
    source: hosted
    version: "0.23.0"
  jaspr_builder:
    dependency: "direct dev"
    description:
      name: jaspr_builder
      sha256: "9f5be7e7f78af33083aac109b8e2c92369f6acd5993c1a2dfecd75a30f9e8d72"
      url: "https://pub.dev"
    source: hosted
    version: "0.23.0"
  jaspr_content:
    dependency: "direct main"
    description:
      name: jaspr_content
      sha256: "28bacdb5669a7f4b066b9e3cd2a591cbf21eda972ce6f33dcc6047868a4aa1ac"
      url: "https://pub.dev"
    source: hosted
    version: "0.5.2"
  jaspr_router:
    dependency: transitive
    description:
      name: jaspr_router
      sha256: "43abdfd63c19cae8faac50334c7f3065635bac3e85fd558b6076517978ade64a"
      url: "https://pub.dev"
    source: hosted
    version: "0.8.2"
  js:
    dependency: transitive
    description:
      name: js
      sha256: f2c445dce49627136094980615a031419f7f3eb393237e4ecd97ac15dea343f3
      url: "https://pub.dev"
    source: hosted
    version: "0.6.7"
  json_annotation:
    dependency: transitive
    description:
      name: json_annotation
      sha256: cb09e7dac6210041fad964ed7fbee004f14258b4eca4040f72d1234062ace4c8
      url: "https://pub.dev"
    source: hosted
    version: "4.11.0"
  l10n_countries:
    dependency: transitive
    description:
      name: l10n_countries
      sha256: d2e976d43018659d06f8747994dd9ab158fcddb3b2c9458f8360ebfb37956172
      url: "https://pub.dev"
    source: hosted
    version: "2.0.2"
  l10n_currencies:
    dependency: transitive
    description:
      name: l10n_currencies
      sha256: fe98cf87fc7eb759a0483bf7c5c3671d777b448ddf4740155979f76fe8af11b0
      url: "https://pub.dev"
    source: hosted
    version: "2.0.2"
  l10n_languages:
    dependency: transitive
    description:
      name: l10n_languages
      sha256: "16b0026dc7261a712d3176595e7622138dace92e9cf1efc00989ef45b47725dd"
      url: "https://pub.dev"
    source: hosted
    version: "2.0.2"
  lints:
    dependency: transitive
    description:
      name: lints
      sha256: "12f842a479589fea194fe5c5a3095abc7be0c1f2ddfa9a0e76aed1dbd26a87df"
      url: "https://pub.dev"
    source: hosted
    version: "6.1.0"
  liquify:
    dependency: transitive
    description:
      name: liquify
      sha256: "23aaa728dd2adc15dcc863772dec64425e8bc35bfa3f81323e0726fb83e1e28f"
      url: "https://pub.dev"
    source: hosted
    version: "1.5.1"
  logging:
    dependency: transitive
    description:
      name: logging
      sha256: c8245ada5f1717ed44271ed1c26b8ce85ca3228fd2ffdb75468ab01979309d61
      url: "https://pub.dev"
    source: hosted
    version: "1.3.0"
  markdown:
    dependency: transitive
    description:
      name: markdown
      sha256: ee85086ad7698b42522c6ad42fe195f1b9898e4d974a1af4576c1a3a176cada9
      url: "https://pub.dev"
    source: hosted
    version: "7.3.1"
  matcher:
    dependency: transitive
    description:
      name: matcher
      sha256: dc0b7dc7651697ea4ff3e69ef44b0407ea32c487a39fff6a4004fa585e901861
      url: "https://pub.dev"
    source: hosted
    version: "0.12.19"
  meta:
    dependency: transitive
    description:
      name: meta
      sha256: df0c643f44ad098eb37988027a8e2b2b5a031fd3977f06bbfd3a76637e8df739
      url: "https://pub.dev"
    source: hosted
    version: "1.18.2"
  mime:
    dependency: transitive
    description:
      name: mime
      sha256: "41a20518f0cb1256669420fdba0cd90d21561e560ac240f26ef8322e45bb7ed6"
      url: "https://pub.dev"
    source: hosted
    version: "2.0.0"
  mustache_template:
    dependency: transitive
    description:
      name: mustache_template
      sha256: "544ff0b837836f5ad6b351e7a676ff7c2cad4fa412c465908aeb9358caddb6fc"
      url: "https://pub.dev"
    source: hosted
    version: "2.0.4"
  nanoid2:
    dependency: "direct main"
    description:
      name: nanoid2
      sha256: "35b5048f836652a1d711db0d716bdee59fcaaa4c37792db8b3568da4f7feb2f9"
      url: "https://pub.dev"
    source: hosted
    version: "2.0.1"
  native_stack_traces:
    dependency: transitive
    description:
      name: native_stack_traces
      sha256: d34cf916db87b14d39465b3e3b4b4a8ee1f304bde6ed7605571e34802e3d6a11
      url: "https://pub.dev"
    source: hosted
    version: "0.6.1"
  native_synchronization:
    dependency: transitive
    description:
      name: native_synchronization
      sha256: "047fa3665d611e178edc167e56166714f125750f064d20216892f1cca69d9d1d"
      url: "https://pub.dev"
    source: hosted
    version: "0.3.1"
  node_interop:
    dependency: transitive
    description:
      name: node_interop
      sha256: "4848ac408c0cdd0f70136b755df816a8e4c96c244e5377a3fb3b8f8950666150"
      url: "https://pub.dev"
    source: hosted
    version: "2.2.0"
  node_preamble:
    dependency: transitive
    description:
      name: node_preamble
      sha256: "6e7eac89047ab8a8d26cf16127b5ed26de65209847630400f9aefd7cd5c730db"
      url: "https://pub.dev"
    source: hosted
    version: "2.0.2"
  package_config:
    dependency: transitive
    description:
      name: package_config
      sha256: f096c55ebb7deb7e384101542bfba8c52696c1b56fca2eb62827989ef2353bbc
      url: "https://pub.dev"
    source: hosted
    version: "2.2.0"
  path:
    dependency: "direct main"
    description:
      name: path
      sha256: "75cca69d1490965be98c73ceaea117e8a04dd21217b37b292c9ddbec0d955bc5"
      url: "https://pub.dev"
    source: hosted
    version: "1.9.1"
  petitparser:
    dependency: transitive
    description:
      name: petitparser
      sha256: "91bd59303e9f769f108f8df05e371341b15d59e995e6806aefab827b58336675"
      url: "https://pub.dev"
    source: hosted
    version: "7.0.2"
  pool:
    dependency: transitive
    description:
      name: pool
      sha256: "978783255c543aa3586a1b3c21f6e9d720eb315376a915872c61ef8b5c20177d"
      url: "https://pub.dev"
    source: hosted
    version: "1.5.2"
  posix:
    dependency: transitive
    description:
      name: posix
      sha256: "185ef7606574f789b40f289c233efa52e96dead518aed988e040a10737febb07"
      url: "https://pub.dev"
    source: hosted
    version: "6.5.0"
  protobuf:
    dependency: transitive
    description:
      name: protobuf
      sha256: "75ec242d22e950bdcc79ee38dd520ce4ee0bc491d7fadc4ea47694604d22bf06"
      url: "https://pub.dev"
    source: hosted
    version: "6.0.0"
  pub_semver:
    dependency: transitive
    description:
      name: pub_semver
      sha256: "5bfcf68ca79ef689f8990d1160781b4bad40a3bd5e5218ad4076ddb7f4081585"
      url: "https://pub.dev"
    source: hosted
    version: "2.2.0"
  pubspec_parse:
    dependency: transitive
    description:
      name: pubspec_parse
      sha256: "0560ba233314abbed0a48a2956f7f022cce7c3e1e73df540277da7544cad4082"
      url: "https://pub.dev"
    source: hosted
    version: "1.5.0"
  retry:
    dependency: transitive
    description:
      name: retry
      sha256: "822e118d5b3aafed083109c72d5f484c6dc66707885e07c0fbcb8b986bba7efc"
      url: "https://pub.dev"
    source: hosted
    version: "3.1.2"
  sass:
    dependency: transitive
    description:
      name: sass
      sha256: "00adc78d8c906d6f5435526ee770fb5183e71f19818985e53f566b98ef693f59"
      url: "https://pub.dev"
    source: hosted
    version: "1.99.0"
  sass_builder:
    dependency: "direct dev"
    description:
      name: sass_builder
      sha256: e5da065f91f1dcbc7187b6386a82169419666538cba9c45548a77c2a07befaf4
      url: "https://pub.dev"
    source: hosted
    version: "2.4.0+1"
  scratch_space:
    dependency: transitive
    description:
      name: scratch_space
      sha256: "3417e014d20b12cebc5bfb1c0b1f63806054177158596cc31cc4d9aaca767a60"
      url: "https://pub.dev"
    source: hosted
    version: "1.2.0"
  sealed_countries:
    dependency: "direct dev"
    description:
      name: sealed_countries
      sha256: "4d27597bafa6a8dddef0ef7191e5ad6d352b98724e1028a2f905b9848bec18fc"
      url: "https://pub.dev"
    source: hosted
    version: "3.1.0"
  sealed_currencies:
    dependency: transitive
    description:
      name: sealed_currencies
      sha256: fc52a8441c5d232e296787eaf07b038dea6d2968fa3ce4aa1f16af06d293570c
      url: "https://pub.dev"
    source: hosted
    version: "3.1.0"
  sealed_languages:
    dependency: transitive
    description:
      name: sealed_languages
      sha256: "8e1d71f5bf0dc647bd9bc327089625d4d11576fe69df5e8b3a39f87ab1872568"
      url: "https://pub.dev"
    source: hosted
    version: "3.1.0"
  shelf:
    dependency: transitive
    description:
      name: shelf
      sha256: e7dd780a7ffb623c57850b33f43309312fc863fb6aa3d276a754bb299839ef12
      url: "https://pub.dev"
    source: hosted
    version: "1.4.2"
  shelf_gzip:
    dependency: transitive
    description:
      name: shelf_gzip
      sha256: "4f4b793c0f969f348aece1ab4cc05fceba9fea431c1ce76b1bc0fa369cecfc15"
      url: "https://pub.dev"
    source: hosted
    version: "4.1.0"
  shelf_packages_handler:
    dependency: transitive
    description:
      name: shelf_packages_handler
      sha256: "89f967eca29607c933ba9571d838be31d67f53f6e4ee15147d5dc2934fee1b1e"
      url: "https://pub.dev"
    source: hosted
    version: "3.0.2"
  shelf_proxy:
    dependency: transitive
    description:
      name: shelf_proxy
      sha256: a71d2307f4393211930c590c3d2c00630f6c5a7a77edc1ef6436dfd85a6a7ee3
      url: "https://pub.dev"
    source: hosted
    version: "1.0.4"
  shelf_static:
    dependency: transitive
    description:
      name: shelf_static
      sha256: c87c3875f91262785dade62d135760c2c69cb217ac759485334c5857ad89f6e3
      url: "https://pub.dev"
    source: hosted
    version: "1.1.3"
  shelf_web_socket:
    dependency: transitive
    description:
      name: shelf_web_socket
      sha256: "3632775c8e90d6c9712f883e633716432a27758216dfb61bd86a8321c0580925"
      url: "https://pub.dev"
    source: hosted
    version: "3.0.0"
  source_gen:
    dependency: transitive
    description:
      name: source_gen
      sha256: "732792cfd197d2161a65bb029606a46e0a18ff30ef9e141a7a82172b05ea8ecd"
      url: "https://pub.dev"
    source: hosted
    version: "4.2.2"
  source_map_stack_trace:
    dependency: transitive
    description:
      name: source_map_stack_trace
      sha256: c0713a43e323c3302c2abe2a1cc89aa057a387101ebd280371d6a6c9fa68516b
      url: "https://pub.dev"
    source: hosted
    version: "2.1.2"
  source_maps:
    dependency: transitive
    description:
      name: source_maps
      sha256: "190222579a448b03896e0ca6eca5998fa810fda630c1d65e2f78b3f638f54812"
      url: "https://pub.dev"
    source: hosted
    version: "0.10.13"
  source_span:
    dependency: transitive
    description:
      name: source_span
      sha256: "56a02f1f4cd1a2d96303c0144c93bd6d909eea6bee6bf5a0e0b685edbd4c47ab"
      url: "https://pub.dev"
    source: hosted
    version: "1.10.2"
  stack_trace:
    dependency: transitive
    description:
      name: stack_trace
      sha256: "8b27215b45d22309b5cddda1aa2b19bdfec9df0e765f2de506401c071d38d1b1"
      url: "https://pub.dev"
    source: hosted
    version: "1.12.1"
  stream_channel:
    dependency: transitive
    description:
      name: stream_channel
      sha256: "969e04c80b8bcdf826f8f16579c7b14d780458bd97f56d107d3950fdbeef059d"
      url: "https://pub.dev"
    source: hosted
    version: "2.1.4"
  stream_transform:
    dependency: transitive
    description:
      name: stream_transform
      sha256: ad47125e588cfd37a9a7f86c7d6356dde8dfe89d071d293f80ca9e9273a33871
      url: "https://pub.dev"
    source: hosted
    version: "2.1.1"
  string_scanner:
    dependency: transitive
    description:
      name: string_scanner
      sha256: "921cd31725b72fe181906c6a94d987c78e3b98c2e205b397ea399d4054872b43"
      url: "https://pub.dev"
    source: hosted
    version: "1.4.1"
  syntax_highlight_lite:
    dependency: transitive
    description:
      name: syntax_highlight_lite
      sha256: ff54f69159263e26b843c64a2dc556ac7bbbc66690eb6d500aefb341cf4957a0
      url: "https://pub.dev"
    source: hosted
    version: "0.0.1"
  term_glyph:
    dependency: transitive
    description:
      name: term_glyph
      sha256: "7f554798625ea768a7518313e58f83891c7f5024f88e46e7182a4558850a4b8e"
      url: "https://pub.dev"
    source: hosted
    version: "1.2.2"
  test:
    dependency: "direct dev"
    description:
      name: test
      sha256: "8d9ceddbab833f180fbefed08afa76d7c03513dfdba87ffcec2718b02bbcbf20"
      url: "https://pub.dev"
    source: hosted
    version: "1.31.0"
  test_api:
    dependency: transitive
    description:
      name: test_api
      sha256: "949a932224383300f01be9221c39180316445ecb8e7547f70a41a35bf421fb9e"
      url: "https://pub.dev"
    source: hosted
    version: "0.7.11"
  test_core:
    dependency: transitive
    description:
      name: test_core
      sha256: "1991d4cfe85d5043241acac92962c3977c8d2f2add1ee73130c7b286417d1d34"
      url: "https://pub.dev"
    source: hosted
    version: "0.6.17"
  test_process:
    dependency: transitive
    description:
      name: test_process
      sha256: ea79c090deffc87d8276a5d28bb498d080a9873be6b1074d9dcfb82eb87e138e
      url: "https://pub.dev"
    source: hosted
    version: "2.1.1"
  timezone:
    dependency: transitive
    description:
      name: timezone
      sha256: "784a5e34d2eb62e1326f24d6f600aaaee452eb8ca8ef2f384a59244e292d158b"
      url: "https://pub.dev"
    source: hosted
    version: "0.11.0"
  type_plus:
    dependency: transitive
    description:
      name: type_plus
      sha256: d5d1019471f0d38b91603adb9b5fd4ce7ab903c879d2fbf1a3f80a630a03fcc9
      url: "https://pub.dev"
    source: hosted
    version: "2.1.1"
  typed_data:
    dependency: transitive
    description:
      name: typed_data
      sha256: f9049c039ebfeb4cf7a7104a675823cd72dba8297f264b6637062516699fa006
      url: "https://pub.dev"
    source: hosted
    version: "1.4.0"
  universal_web:
    dependency: "direct main"
    description:
      name: universal_web
      sha256: "618a9d8659e9429875f69d4da0fb9c0c143d3d4cdab28b4545502088aa50ed62"
      url: "https://pub.dev"
    source: hosted
    version: "1.1.1+1"
  uuid:
    dependency: transitive
    description:
      name: uuid
      sha256: "1fef9e8e11e2991bb773070d4656b7bd5d850967a2456cfc83cf47925ba79489"
      url: "https://pub.dev"
    source: hosted
    version: "4.5.3"
  vm_service:
    dependency: transitive
    description:
      name: vm_service
      sha256: "046d3928e16fa4dc46e8350415661755ab759d9fc97fc21b5ab295f71e4f0499"
      url: "https://pub.dev"
    source: hosted
    version: "15.1.0"
  watcher:
    dependency: transitive
    description:
      name: watcher
      sha256: "1398c9f081a753f9226febe8900fce8f7d0a67163334e1c94a2438339d79d635"
      url: "https://pub.dev"
    source: hosted
    version: "1.2.1"
  web:
    dependency: transitive
    description:
      name: web
      sha256: "868d88a33d8a87b18ffc05f9f030ba328ffefba92d6c127917a2ba740f9cfe4a"
      url: "https://pub.dev"
    source: hosted
    version: "1.1.1"
  web_socket:
    dependency: transitive
    description:
      name: web_socket
      sha256: "34d64019aa8e36bf9842ac014bb5d2f5586ca73df5e4d9bf5c936975cae6982c"
      url: "https://pub.dev"
    source: hosted
    version: "1.0.1"
  web_socket_channel:
    dependency: transitive
    description:
      name: web_socket_channel
      sha256: d645757fb0f4773d602444000a8131ff5d48c9e47adfe9772652dd1a4f2d45c8
      url: "https://pub.dev"
    source: hosted
    version: "3.0.3"
  webkit_inspection_protocol:
    dependency: transitive
    description:
      name: webkit_inspection_protocol
      sha256: "87d3f2333bb240704cd3f1c6b5b7acd8a10e7f0bc28c28dcf14e782014f4a572"
      url: "https://pub.dev"
    source: hosted
    version: "1.2.1"
  xml:
    dependency: transitive
    description:
      name: xml
      sha256: "971043b3a0d3da28727e40ed3e0b5d18b742fa5a68665cca88e74b7876d5e025"
      url: "https://pub.dev"
    source: hosted
    version: "6.6.1"
  yaml:
    dependency: transitive
    description:
      name: yaml
      sha256: b9da305ac7c39faa3f030eccd175340f968459dae4af175130b3fc47e40d76ce
      url: "https://pub.dev"
    source: hosted
    version: "3.1.3"
  youtube_transcript_api:
    dependency: "direct dev"
    description:
      name: youtube_transcript_api
      sha256: "61404b66ba0743d0d5d2c114ccde990762c0720919021c32d6c48aba84e6c51b"
      url: "https://pub.dev"
    source: hosted
    version: "1.0.0"
sdks:
  dart: ">=3.11.0 <3.13.0-z"
